
Microsoft Visual Studio Solution File, Format Version 12.00
# Visual Studio 15
VisualStudioVersion = 15.0.28307.779
MinimumVisualStudioVersion = 10.0.40219.1
Project("{FAE04EC0-301F-11D3-BF4B-00C04F79EFBC}") = "LRMServerSDK", "LRMServerSDK\LRMServerSDK.csproj", "{81598E72-475A-4EBA-B486-04233DCDE504}"
EndProject
Global
	GlobalSection(SolutionConfigurationPlatforms) = preSolution
		Debug|Any CPU = Debug|Any CPU
		Release|Any CPU = Release|Any CPU
	EndGlobalSection
	GlobalSection(ProjectConfigurationPlatforms) = postSolution
		{81598E72-475A-4EBA-B486-04233DCDE504}.Debug|Any CPU.ActiveCfg = Debug|Any CPU
		{81598E72-475A-4EBA-B486-04233DCDE504}.Debug|Any CPU.Build.0 = Debug|Any CPU
		{81598E72-475A-4EBA-B486-04233DCDE504}.Release|Any CPU.ActiveCfg = Release|Any CPU
		{81598E72-475A-4EBA-B486-04233DCDE504}.Release|Any CPU.Build.0 = Release|Any CPU
	EndGlobalSection
	GlobalSection(SolutionProperties) = preSolution
		HideSolutionNode = FALSE
	EndGlobalSection
	GlobalSection(ExtensibilityGlobals) = postSolution
		SolutionGuid = {B3928670-F3A0-4A95-9208-38CF984F86DA}
	EndGlobalSection
EndGlobal
